
Microsoft Visual Studio Solution File, Format Version 12.00
# Visual Studio 15
VisualStudioVersion = 15.0.28306.52
MinimumVisualStudioVersion = 10.0.40219.1
Project("{FAE04EC0-301F-11D3-BF4B-00C04F79EFBC}") = "Planit.Automation", "Planit.Automation\Planit.Automation.csproj", "{5C6C0903-C199-4D16-9419-E3B661093BB9}"
EndProject
Global
	GlobalSection(SolutionConfigurationPlatforms) = preSolution
		Debug|Any CPU = Debug|Any CPU
		Release|Any CPU = Release|Any CPU
	EndGlobalSection
	GlobalSection(ProjectConfigurationPlatforms) = postSolution
		{5C6C0903-C199-4D16-9419-E3B661093BB9}.Debug|Any CPU.ActiveCfg = Debug|Any CPU
		{5C6C0903-C199-4D16-9419-E3B661093BB9}.Debug|Any CPU.Build.0 = Debug|Any CPU
		{5C6C0903-C199-4D16-9419-E3B661093BB9}.Release|Any CPU.ActiveCfg = Release|Any CPU
		{5C6C0903-C199-4D16-9419-E3B661093BB9}.Release|Any CPU.Build.0 = Release|Any CPU
	EndGlobalSection
	GlobalSection(SolutionProperties) = preSolution
		HideSolutionNode = FALSE
	EndGlobalSection
	GlobalSection(ExtensibilityGlobals) = postSolution
		SolutionGuid = {B37455BF-98C0-448A-AF2C-AC1827D52583}
	EndGlobalSection
EndGlobal
